
Microsoft Visual Studio Solution File, Format Version 12.00
# Visual Studio Version 17
VisualStudioVersion = 17.4.33213.308
MinimumVisualStudioVersion = 10.0.40219.1
Project("{FAE04EC0-301F-11D3-BF4B-00C04F79EFBC}") = "WebApplication1", "WebApplication1\WebApplication1.csproj", "{27C11162-E784-411A-9C38-DEFEF40936AE}"
EndProject
Global
	GlobalSection(SolutionConfigurationPlatforms) = preSolution
		Debug|Any CPU = Debug|Any CPU
		Release|Any CPU = Release|Any CPU
	EndGlobalSection
	GlobalSection(ProjectConfigurationPlatforms) = postSolution
		{27C11162-E784-411A-9C38-DEFEF40936AE}.Debug|Any CPU.ActiveCfg = Debug|Any CPU
		{27C11162-E784-411A-9C38-DEFEF40936AE}.Debug|Any CPU.Build.0 = Debug|Any CPU
		{27C11162-E784-411A-9C38-DEFEF40936AE}.Release|Any CPU.ActiveCfg = Release|Any CPU
		{27C11162-E784-411A-9C38-DEFEF40936AE}.Release|Any CPU.Build.0 = Release|Any CPU
	EndGlobalSection
	GlobalSection(SolutionProperties) = preSolution
		HideSolutionNode = FALSE
	EndGlobalSection
	GlobalSection(ExtensibilityGlobals) = postSolution
		SolutionGuid = {0ABDCDD2-586D-4C71-A15A-7A5EB2EC9E2F}
	EndGlobalSection
EndGlobal
